
Microsoft Visual Studio Solution File, Format Version 12.00
# Visual Studio Version 17
VisualStudioVersion = 17.9.34622.214
MinimumVisualStudioVersion = 10.0.40219.1
Project("{9A19103F-16F7-4668-BE54-9A1E7A4F7556}") = "DuelystPatchNotes", "DuelystPatchNotes.csproj", "{8D22B3BC-C7C8-4CD2-B8DD-BE4532962464}"
EndProject
Global
	GlobalSection(SolutionConfigurationPlatforms) = preSolution
		Debug|Any CPU = Debug|Any CPU
		Release|Any CPU = Release|Any CPU
	EndGlobalSection
	GlobalSection(ProjectConfigurationPlatforms) = postSolution
		{8D22B3BC-C7C8-4CD2-B8DD-BE4532962464}.Debug|Any CPU.ActiveCfg = Debug|Any CPU
		{8D22B3BC-C7C8-4CD2-B8DD-BE4532962464}.Debug|Any CPU.Build.0 = Debug|Any CPU
		{8D22B3BC-C7C8-4CD2-B8DD-BE4532962464}.Release|Any CPU.ActiveCfg = Release|Any CPU
		{8D22B3BC-C7C8-4CD2-B8DD-BE4532962464}.Release|Any CPU.Build.0 = Release|Any CPU
	EndGlobalSection
	GlobalSection(SolutionProperties) = preSolution
		HideSolutionNode = FALSE
	EndGlobalSection
	GlobalSection(ExtensibilityGlobals) = postSolution
		SolutionGuid = {894AEAF9-6121-43DF-9BC9-CDCF95B3917F}
	EndGlobalSection
EndGlobal
